<?xml version="1.0" encoding="utf-8"?>
<Project ToolsVersion="4.0" xmlns="http://schemas.microsoft.com/developer/msbuild/2003">
  <ItemGroup>
    <Filter Include="源文件">
      <UniqueIdentifier>{4FC737F1-C7A5-4376-A066-2A32D752A2FF}</UniqueIdentifier>
      <Extensions>cpp;c;cc;cxx;def;odl;idl;hpj;bat;asm;asmx</Extensions>
    </Filter>
    <Filter Include="头文件">
      <UniqueIdentifier>{93995380-89BD-4b04-88EB-625FBE52EBFB}</UniqueIdentifier>
      <Extensions>h;hh;hpp;hxx;hm;inl;inc;ipp;xsd</Extensions>
    </Filter>
    <Filter Include="头文件\Lib">
      <UniqueIdentifier>{572ed1b6-222b-448f-9ba3-c0509f957a55}</UniqueIdentifier>
    </Filter>
  </ItemGroup>
  <ItemGroup>
    <ClCompile Include="tileset.cpp">
      <Filter>源文件</Filter>
    </ClCompile>
    <ClCompile Include="shp23dtile.cpp">
      <Filter>源文件</Filter>
    </ClCompile>
    <ClCompile Include="osgb23dtile.cpp">
      <Filter>源文件</Filter>
    </ClCompile>
    <ClCompile Include="make_gltf.cpp">
      <Filter>源文件</Filter>
    </ClCompile>
    <ClCompile Include="decompress.cpp">
      <Filter>源文件</Filter>
    </ClCompile>
    <ClCompile Include="DTiles.cpp">
      <Filter>源文件</Filter>
    </ClCompile>
    <ClCompile Include="dxt_img.cpp">
      <Filter>源文件</Filter>
    </ClCompile>
    <ClCompile Include="osgb_helper.cpp">
      <Filter>源文件</Filter>
    </ClCompile>
  </ItemGroup>
  <ItemGroup>
    <ClInclude Include="dxt_img.h">
      <Filter>头文件</Filter>
    </ClInclude>
    <ClInclude Include="extern.h">
      <Filter>头文件</Filter>
    </ClInclude>
    <ClInclude Include="DTiles.h">
      <Filter>头文件</Filter>
    </ClInclude>
    <ClInclude Include="tiny_gltf.h">
      <Filter>头文件\Lib</Filter>
    </ClInclude>
    <ClInclude Include="stb_image.h">
      <Filter>头文件\Lib</Filter>
    </ClInclude>
    <ClInclude Include="stb_image_write.h">
      <Filter>头文件\Lib</Filter>
    </ClInclude>
    <ClInclude Include="json.hpp">
      <Filter>头文件\Lib</Filter>
    </ClInclude>
    <ClInclude Include="earcut.hpp">
      <Filter>头文件\Lib</Filter>
    </ClInclude>
    <ClInclude Include="osgb_helper.h">
      <Filter>头文件</Filter>
    </ClInclude>
  </ItemGroup>
</Project>